
Microsoft Visual Studio Solution File, Format Version 12.00
# Visual Studio Version 17
VisualStudioVersion = 17.8.34511.84
MinimumVisualStudioVersion = 10.0.40219.1
Project("{9A19103F-16F7-4668-BE54-9A1E7A4F7556}") = "BookStore", "BookStore\BookStore.csproj", "{1C8CE8B1-2A06-47DC-A023-387317CC78D0}"
EndProject
Project("{9A19103F-16F7-4668-BE54-9A1E7A4F7556}") = "BookStore.Repositoy", "BookStore.Data\BookStore.Repositoy.csproj", "{66D14736-9820-4102-A445-1932C4901BC7}"
EndProject
Project("{9A19103F-16F7-4668-BE54-9A1E7A4F7556}") = "BookStore.Models", "BookStore.Models\BookStore.Models.csproj", "{C3621F2D-72A6-4233-BB06-5F8875738A6A}"
EndProject
Project("{9A19103F-16F7-4668-BE54-9A1E7A4F7556}") = "BookStore.BLL", "BookStore.BLL\BookStore.BLL.csproj", "{07D65693-4011-4CE7-98D4-2CF62D3F06DD}"
EndProject
Project("{9A19103F-16F7-4668-BE54-9A1E7A4F7556}") = "BookStore.Domain.Service", "BookStoreDomain\BookStore.Domain.Service.csproj", "{92A5B7CA-0E93-4C5A-B8BB-444D077AAACB}"
EndProject
Project("{9A19103F-16F7-4668-BE54-9A1E7A4F7556}") = "BookStore.UnitTests", "BookStore.UnitTests\BookStore.UnitTests.csproj", "{4992207A-C20D-4AE9-8224-37711ABDDB3D}"
EndProject
Project("{00D1A9C2-B5F0-4AF3-8072-F6C62B433612}") = "BookStore.Database", "BookStore.Database\BookStore.Database.sqlproj", "{1EE76F38-E3FC-4B53-BD5D-C2612D3A5648}"
EndProject
Global
	GlobalSection(SolutionConfigurationPlatforms) = preSolution
		Debug|Any CPU = Debug|Any CPU
		Release|Any CPU = Release|Any CPU
	EndGlobalSection
	GlobalSection(ProjectConfigurationPlatforms) = postSolution
		{1C8CE8B1-2A06-47DC-A023-387317CC78D0}.Debug|Any CPU.ActiveCfg = Debug|Any CPU
		{1C8CE8B1-2A06-47DC-A023-387317CC78D0}.Debug|Any CPU.Build.0 = Debug|Any CPU
		{1C8CE8B1-2A06-47DC-A023-387317CC78D0}.Release|Any CPU.ActiveCfg = Release|Any CPU
		{1C8CE8B1-2A06-47DC-A023-387317CC78D0}.Release|Any CPU.Build.0 = Release|Any CPU
		{66D14736-9820-4102-A445-1932C4901BC7}.Debug|Any CPU.ActiveCfg = Debug|Any CPU
		{66D14736-9820-4102-A445-1932C4901BC7}.Debug|Any CPU.Build.0 = Debug|Any CPU
		{66D14736-9820-4102-A445-1932C4901BC7}.Release|Any CPU.ActiveCfg = Release|Any CPU
		{66D14736-9820-4102-A445-1932C4901BC7}.Release|Any CPU.Build.0 = Release|Any CPU
		{C3621F2D-72A6-4233-BB06-5F8875738A6A}.Debug|Any CPU.ActiveCfg = Debug|Any CPU
		{C3621F2D-72A6-4233-BB06-5F8875738A6A}.Debug|Any CPU.Build.0 = Debug|Any CPU
		{C3621F2D-72A6-4233-BB06-5F8875738A6A}.Release|Any CPU.ActiveCfg = Release|Any CPU
		{C3621F2D-72A6-4233-BB06-5F8875738A6A}.Release|Any CPU.Build.0 = Release|Any CPU
		{07D65693-4011-4CE7-98D4-2CF62D3F06DD}.Debug|Any CPU.ActiveCfg = Debug|Any CPU
		{07D65693-4011-4CE7-98D4-2CF62D3F06DD}.Debug|Any CPU.Build.0 = Debug|Any CPU
		{07D65693-4011-4CE7-98D4-2CF62D3F06DD}.Release|Any CPU.ActiveCfg = Release|Any CPU
		{07D65693-4011-4CE7-98D4-2CF62D3F06DD}.Release|Any CPU.Build.0 = Release|Any CPU
		{92A5B7CA-0E93-4C5A-B8BB-444D077AAACB}.Debug|Any CPU.ActiveCfg = Debug|Any CPU
		{92A5B7CA-0E93-4C5A-B8BB-444D077AAACB}.Debug|Any CPU.Build.0 = Debug|Any CPU
		{92A5B7CA-0E93-4C5A-B8BB-444D077AAACB}.Release|Any CPU.ActiveCfg = Release|Any CPU
		{92A5B7CA-0E93-4C5A-B8BB-444D077AAACB}.Release|Any CPU.Build.0 = Release|Any CPU
		{4992207A-C20D-4AE9-8224-37711ABDDB3D}.Debug|Any CPU.ActiveCfg = Debug|Any CPU
		{4992207A-C20D-4AE9-8224-37711ABDDB3D}.Debug|Any CPU.Build.0 = Debug|Any CPU
		{4992207A-C20D-4AE9-8224-37711ABDDB3D}.Release|Any CPU.ActiveCfg = Release|Any CPU
		{4992207A-C20D-4AE9-8224-37711ABDDB3D}.Release|Any CPU.Build.0 = Release|Any CPU
		{1EE76F38-E3FC-4B53-BD5D-C2612D3A5648}.Debug|Any CPU.ActiveCfg = Debug|Any CPU
		{1EE76F38-E3FC-4B53-BD5D-C2612D3A5648}.Debug|Any CPU.Build.0 = Debug|Any CPU
		{1EE76F38-E3FC-4B53-BD5D-C2612D3A5648}.Debug|Any CPU.Deploy.0 = Debug|Any CPU
		{1EE76F38-E3FC-4B53-BD5D-C2612D3A5648}.Release|Any CPU.ActiveCfg = Release|Any CPU
		{1EE76F38-E3FC-4B53-BD5D-C2612D3A5648}.Release|Any CPU.Build.0 = Release|Any CPU
		{1EE76F38-E3FC-4B53-BD5D-C2612D3A5648}.Release|Any CPU.Deploy.0 = Release|Any CPU
	EndGlobalSection
	GlobalSection(SolutionProperties) = preSolution
		HideSolutionNode = FALSE
	EndGlobalSection
	GlobalSection(ExtensibilityGlobals) = postSolution
		SolutionGuid = {8A55B24F-F7E6-4BE9-B3D6-B8A003C53A0D}
	EndGlobalSection
EndGlobal
